Microsoft Visual Studio Solution File, Format Version 12.00
# Visual Studio 14
VisualStudioVersion = 14.0.25420.1
MinimumVisualStudioVersion = 10.0.40219.1
Project("{8BC9CEB8-8B4A-11D0-8D11-00A0C91BC942}") = "SeaBreeze", "VSProj\SeaBreeze.vcxproj", "{F6857325-8FAB-49A1-987A-E045706DE551}"
EndProject
Project("{8BC9CEB8-8B4A-11D0-8D11-00A0C91BC942}") = "windows_api_test", "..\..\..\test\VisualStudio2015\windows_api_test\windows_api_test.vcxproj", "{0424004C-A1C0-4A11-A75A-E4C7C86A05E7}"
EndProject
Project("{54435603-DBB4-11D2-8724-00A0C9A8B90C}") = "FlameX_Seabreeze_Test_Installer", "windows_test_installer\windows_test_installer.vdproj", "{444F5DB0-B976-4DEB-8F07-85BB4C7A3F48}"
	ProjectSection(ProjectDependencies) = postProject
		{9CC138F7-EF02-4DC4-8DFD-ADDDD454A7B9} = {9CC138F7-EF02-4DC4-8DFD-ADDDD454A7B9}
	EndProjectSection
EndProject
Project("{FAE04EC0-301F-11D3-BF4B-00C04F79EFBC}") = "FlameX_SeaBreeze_Command_Test", "..\..\..\test\VisualStudio2015\FlameX_SeaBreeze_Command_Test\FlameX_SeaBreeze_Command_Test.csproj", "{9CC138F7-EF02-4DC4-8DFD-ADDDD454A7B9}"
	ProjectSection(ProjectDependencies) = postProject
		{F6857325-8FAB-49A1-987A-E045706DE551} = {F6857325-8FAB-49A1-987A-E045706DE551}
	EndProjectSection
EndProject
Project("{8BC9CEB8-8B4A-11D0-8D11-00A0C91BC942}") = "MalvernSpectrometerLib", "..\..\..\projects\MalvernSpectrometerLib\MalvernSpectrometerLib\MalvernSpectrometerLib.vcxproj", "{A0A1E0D5-6785-4E29-A459-7C7D0CE88517}"
EndProject
Project("{FAE04EC0-301F-11D3-BF4B-00C04F79EFBC}") = "MalvernTest", "..\..\..\projects\MalvernTest\MalvernTest\MalvernTest.csproj", "{4E32EB39-2C05-4F18-9574-DDCB5F84078E}"
	ProjectSection(ProjectDependencies) = postProject
		{A0A1E0D5-6785-4E29-A459-7C7D0CE88517} = {A0A1E0D5-6785-4E29-A459-7C7D0CE88517}
	EndProjectSection
EndProject
Project("{54435603-DBB4-11D2-8724-00A0C9A8B90C}") = "MalvernTestInstaller", "..\..\..\projects\MalvernTest\MalvernTestInstaller\MalvernTestInstaller.vdproj", "{CB53F5EC-03F7-4A50-B31F-BA3250BBB884}"
EndProject
Global
	GlobalSection(SolutionConfigurationPlatforms) = preSolution
		Debug|Any CPU = Debug|Any CPU
		Debug|Win32 = Debug|Win32
		Debug|x64 = Debug|x64
		Debug|x86 = Debug|x86
		Release|Any CPU = Release|Any CPU
		Release|Win32 = Release|Win32
		Release|x64 = Release|x64
		Release|x86 = Release|x86
	EndGlobalSection
	GlobalSection(ProjectConfigurationPlatforms) = postSolution
		{F6857325-8FAB-49A1-987A-E045706DE551}.Debug|Any CPU.ActiveCfg = Debug|Win32
		{F6857325-8FAB-49A1-987A-E045706DE551}.Debug|Any CPU.Build.0 = Debug|Win32
		{F6857325-8FAB-49A1-987A-E045706DE551}.Debug|Win32.ActiveCfg = Debug|Win32
		{F6857325-8FAB-49A1-987A-E045706DE551}.Debug|Win32.Build.0 = Debug|Win32
		{F6857325-8FAB-49A1-987A-E045706DE551}.Debug|x64.ActiveCfg = Debug|x64
		{F6857325-8FAB-49A1-987A-E045706DE551}.Debug|x64.Build.0 = Debug|x64
		{F6857325-8FAB-49A1-987A-E045706DE551}.Debug|x86.ActiveCfg = Debug|Win32
		{F6857325-8FAB-49A1-987A-E045706DE551}.Debug|x86.Build.0 = Debug|Win32
		{F6857325-8FAB-49A1-987A-E045706DE551}.Release|Any CPU.ActiveCfg = Release|Win32
		{F6857325-8FAB-49A1-987A-E045706DE551}.Release|Any CPU.Build.0 = Release|Win32
		{F6857325-8FAB-49A1-987A-E045706DE551}.Release|Win32.ActiveCfg = Release|Win32
		{F6857325-8FAB-49A1-987A-E045706DE551}.Release|Win32.Build.0 = Release|Win32
		{F6857325-8FAB-49A1-987A-E045706DE551}.Release|x64.ActiveCfg = Release|x64
		{F6857325-8FAB-49A1-987A-E045706DE551}.Release|x64.Build.0 = Release|x64
		{F6857325-8FAB-49A1-987A-E045706DE551}.Release|x86.ActiveCfg = Release|Win32
		{0424004C-A1C0-4A11-A75A-E4C7C86A05E7}.Debug|Any CPU.ActiveCfg = Debug|Win32
		{0424004C-A1C0-4A11-A75A-E4C7C86A05E7}.Debug|Any CPU.Build.0 = Debug|Win32
		{0424004C-A1C0-4A11-A75A-E4C7C86A05E7}.Debug|Win32.ActiveCfg = Debug|Win32
		{0424004C-A1C0-4A11-A75A-E4C7C86A05E7}.Debug|Win32.Build.0 = Debug|Win32
		{0424004C-A1C0-4A11-A75A-E4C7C86A05E7}.Debug|x64.ActiveCfg = Debug|x64
		{0424004C-A1C0-4A11-A75A-E4C7C86A05E7}.Debug|x64.Build.0 = Debug|x64
		{0424004C-A1C0-4A11-A75A-E4C7C86A05E7}.Debug|x86.ActiveCfg = Debug|Win32
		{0424004C-A1C0-4A11-A75A-E4C7C86A05E7}.Debug|x86.Build.0 = Debug|Win32
		{0424004C-A1C0-4A11-A75A-E4C7C86A05E7}.Release|Any CPU.ActiveCfg = Release|Win32
		{0424004C-A1C0-4A11-A75A-E4C7C86A05E7}.Release|Any CPU.Build.0 = Release|Win32
		{0424004C-A1C0-4A11-A75A-E4C7C86A05E7}.Release|Win32.ActiveCfg = Release|Win32
		{0424004C-A1C0-4A11-A75A-E4C7C86A05E7}.Release|Win32.Build.0 = Release|Win32
		{0424004C-A1C0-4A11-A75A-E4C7C86A05E7}.Release|x64.ActiveCfg = Release|x64
		{0424004C-A1C0-4A11-A75A-E4C7C86A05E7}.Release|x64.Build.0 = Release|x64
		{0424004C-A1C0-4A11-A75A-E4C7C86A05E7}.Release|x86.ActiveCfg = Release|Win32
		{0424004C-A1C0-4A11-A75A-E4C7C86A05E7}.Release|x86.Build.0 = Release|Win32
		{444F5DB0-B976-4DEB-8F07-85BB4C7A3F48}.Debug|Any CPU.ActiveCfg = Debug
		{444F5DB0-B976-4DEB-8F07-85BB4C7A3F48}.Debug|Any CPU.Build.0 = Debug
		{444F5DB0-B976-4DEB-8F07-85BB4C7A3F48}.Debug|Win32.ActiveCfg = Debug
		{444F5DB0-B976-4DEB-8F07-85BB4C7A3F48}.Debug|x64.ActiveCfg = Debug
		{444F5DB0-B976-4DEB-8F07-85BB4C7A3F48}.Debug|x64.Build.0 = Debug
		{444F5DB0-B976-4DEB-8F07-85BB4C7A3F48}.Debug|x86.ActiveCfg = Debug
		{444F5DB0-B976-4DEB-8F07-85BB4C7A3F48}.Release|Any CPU.ActiveCfg = Release
		{444F5DB0-B976-4DEB-8F07-85BB4C7A3F48}.Release|Any CPU.Build.0 = Release
		{444F5DB0-B976-4DEB-8F07-85BB4C7A3F48}.Release|Win32.ActiveCfg = Release
		{444F5DB0-B976-4DEB-8F07-85BB4C7A3F48}.Release|x64.ActiveCfg = Release
		{444F5DB0-B976-4DEB-8F07-85BB4C7A3F48}.Release|x64.Build.0 = Release
		{444F5DB0-B976-4DEB-8F07-85BB4C7A3F48}.Release|x86.ActiveCfg = Release
		{9CC138F7-EF02-4DC4-8DFD-ADDDD454A7B9}.Debug|Any CPU.ActiveCfg = Debug|Any CPU
		{9CC138F7-EF02-4DC4-8DFD-ADDDD454A7B9}.Debug|Any CPU.Build.0 = Debug|Any CPU
		{9CC138F7-EF02-4DC4-8DFD-ADDDD454A7B9}.Debug|Win32.ActiveCfg = Debug|Any CPU
		{9CC138F7-EF02-4DC4-8DFD-ADDDD454A7B9}.Debug|Win32.Build.0 = Debug|Any CPU
		{9CC138F7-EF02-4DC4-8DFD-ADDDD454A7B9}.Debug|x64.ActiveCfg = Debug|x64
		{9CC138F7-EF02-4DC4-8DFD-ADDDD454A7B9}.Debug|x64.Build.0 = Debug|x64
		{9CC138F7-EF02-4DC4-8DFD-ADDDD454A7B9}.Debug|x86.ActiveCfg = Debug|Any CPU
		{9CC138F7-EF02-4DC4-8DFD-ADDDD454A7B9}.Debug|x86.Build.0 = Debug|Any CPU
		{9CC138F7-EF02-4DC4-8DFD-ADDDD454A7B9}.Release|Any CPU.ActiveCfg = Release|Any CPU
		{9CC138F7-EF02-4DC4-8DFD-ADDDD454A7B9}.Release|Any CPU.Build.0 = Release|Any CPU
		{9CC138F7-EF02-4DC4-8DFD-ADDDD454A7B9}.Release|Win32.ActiveCfg = Release|Any CPU
		{9CC138F7-EF02-4DC4-8DFD-ADDDD454A7B9}.Release|Win32.Build.0 = Release|Any CPU
		{9CC138F7-EF02-4DC4-8DFD-ADDDD454A7B9}.Release|x64.ActiveCfg = Release|x64
		{9CC138F7-EF02-4DC4-8DFD-ADDDD454A7B9}.Release|x64.Build.0 = Release|x64
		{9CC138F7-EF02-4DC4-8DFD-ADDDD454A7B9}.Release|x86.ActiveCfg = Release|Any CPU
		{9CC138F7-EF02-4DC4-8DFD-ADDDD454A7B9}.Release|x86.Build.0 = Release|Any CPU
		{A0A1E0D5-6785-4E29-A459-7C7D0CE88517}.Debug|Any CPU.ActiveCfg = Debug|Win32
		{A0A1E0D5-6785-4E29-A459-7C7D0CE88517}.Debug|Win32.ActiveCfg = Debug|Win32
		{A0A1E0D5-6785-4E29-A459-7C7D0CE88517}.Debug|Win32.Build.0 = Debug|Win32
		{A0A1E0D5-6785-4E29-A459-7C7D0CE88517}.Debug|x64.ActiveCfg = Debug|x64
		{A0A1E0D5-6785-4E29-A459-7C7D0CE88517}.Debug|x64.Build.0 = Debug|x64
		{A0A1E0D5-6785-4E29-A459-7C7D0CE88517}.Debug|x86.ActiveCfg = Debug|Win32
		{A0A1E0D5-6785-4E29-A459-7C7D0CE88517}.Debug|x86.Build.0 = Debug|Win32
		{A0A1E0D5-6785-4E29-A459-7C7D0CE88517}.Release|Any CPU.ActiveCfg = Release|Win32
		{A0A1E0D5-6785-4E29-A459-7C7D0CE88517}.Release|Win32.ActiveCfg = Release|Win32
		{A0A1E0D5-6785-4E29-A459-7C7D0CE88517}.Release|Win32.Build.0 = Release|Win32
		{A0A1E0D5-6785-4E29-A459-7C7D0CE88517}.Release|x64.ActiveCfg = Release|x64
		{A0A1E0D5-6785-4E29-A459-7C7D0CE88517}.Release|x64.Build.0 = Release|x64
		{A0A1E0D5-6785-4E29-A459-7C7D0CE88517}.Release|x86.ActiveCfg = Release|Win32
		{A0A1E0D5-6785-4E29-A459-7C7D0CE88517}.Release|x86.Build.0 = Release|Win32
		{4E32EB39-2C05-4F18-9574-DDCB5F84078E}.Debug|Any CPU.ActiveCfg = Debug|Any CPU
		{4E32EB39-2C05-4F18-9574-DDCB5F84078E}.Debug|Any CPU.Build.0 = Debug|Any CPU
		{4E32EB39-2C05-4F18-9574-DDCB5F84078E}.Debug|Win32.ActiveCfg = Debug|x86
		{4E32EB39-2C05-4F18-9574-DDCB5F84078E}.Debug|Win32.Build.0 = Debug|x86
		{4E32EB39-2C05-4F18-9574-DDCB5F84078E}.Debug|x64.ActiveCfg = Debug|x64
		{4E32EB39-2C05-4F18-9574-DDCB5F84078E}.Debug|x64.Build.0 = Debug|x64
		{4E32EB39-2C05-4F18-9574-DDCB5F84078E}.Debug|x86.ActiveCfg = Debug|x86
		{4E32EB39-2C05-4F18-9574-DDCB5F84078E}.Debug|x86.Build.0 = Debug|x86
		{4E32EB39-2C05-4F18-9574-DDCB5F84078E}.Release|Any CPU.ActiveCfg = Release|Any CPU
		{4E32EB39-2C05-4F18-9574-DDCB5F84078E}.Release|Any CPU.Build.0 = Release|Any CPU
		{4E32EB39-2C05-4F18-9574-DDCB5F84078E}.Release|Win32.ActiveCfg = Release|x86
		{4E32EB39-2C05-4F18-9574-DDCB5F84078E}.Release|Win32.Build.0 = Release|x86
		{4E32EB39-2C05-4F18-9574-DDCB5F84078E}.Release|x64.ActiveCfg = Release|x64
		{4E32EB39-2C05-4F18-9574-DDCB5F84078E}.Release|x64.Build.0 = Release|x64
		{4E32EB39-2C05-4F18-9574-DDCB5F84078E}.Release|x86.ActiveCfg = Release|x86
		{4E32EB39-2C05-4F18-9574-DDCB5F84078E}.Release|x86.Build.0 = Release|x86
		{CB53F5EC-03F7-4A50-B31F-BA3250BBB884}.Debug|Any CPU.ActiveCfg = Debug
		{CB53F5EC-03F7-4A50-B31F-BA3250BBB884}.Debug|Any CPU.Build.0 = Debug
		{CB53F5EC-03F7-4A50-B31F-BA3250BBB884}.Debug|Win32.ActiveCfg = Debug
		{CB53F5EC-03F7-4A50-B31F-BA3250BBB884}.Debug|Win32.Build.0 = Debug
		{CB53F5EC-03F7-4A50-B31F-BA3250BBB884}.Debug|x64.ActiveCfg = Debug
		{CB53F5EC-03F7-4A50-B31F-BA3250BBB884}.Debug|x64.Build.0 = Debug
		{CB53F5EC-03F7-4A50-B31F-BA3250BBB884}.Debug|x86.ActiveCfg = Debug
		{CB53F5EC-03F7-4A50-B31F-BA3250BBB884}.Debug|x86.Build.0 = Debug
		{CB53F5EC-03F7-4A50-B31F-BA3250BBB884}.Release|Any CPU.ActiveCfg = Release
		{CB53F5EC-03F7-4A50-B31F-BA3250BBB884}.Release|Any CPU.Build.0 = Release
		{CB53F5EC-03F7-4A50-B31F-BA3250BBB884}.Release|Win32.ActiveCfg = Release
		{CB53F5EC-03F7-4A50-B31F-BA3250BBB884}.Release|Win32.Build.0 = Release
		{CB53F5EC-03F7-4A50-B31F-BA3250BBB884}.Release|x64.ActiveCfg = Release
		{CB53F5EC-03F7-4A50-B31F-BA3250BBB884}.Release|x64.Build.0 = Release
		{CB53F5EC-03F7-4A50-B31F-BA3250BBB884}.Release|x86.ActiveCfg = Release
		{CB53F5EC-03F7-4A50-B31F-BA3250BBB884}.Release|x86.Build.0 = Release
	EndGlobalSection
	GlobalSection(SolutionProperties) = preSolution
		HideSolutionNode = FALSE
	EndGlobalSection
EndGlobal
