Microsoft Visual Studio Solution File, Format Version 12.00
# Visual Studio 2012
Project("{8BC9CEB8-8B4A-11D0-8D11-00A0C91BC942}") = "SeaBreeze", "VSProj\SeaBreeze.vcxproj", "{F6857325-8FAB-49A1-987A-E045706DE551}"
EndProject
Project("{930C7802-8A8C-48F9-8165-68863BCCD9DD}") = "SetupWiX", "SetupWiX\SetupWiX.wixproj", "{34D1D566-0FDC-4FFA-9AB6-6E1C4BC2C0D8}"
EndProject
Global
	GlobalSection(SolutionConfigurationPlatforms) = preSolution
		CD_ROM|ARM = CD_ROM|ARM
		CD_ROM|Mixed Platforms = CD_ROM|Mixed Platforms
		CD_ROM|Win32 = CD_ROM|Win32
		CD_ROM|x64 = CD_ROM|x64
		CD_ROM|x86 = CD_ROM|x86
		Debug|ARM = Debug|ARM
		Debug|Mixed Platforms = Debug|Mixed Platforms
		Debug|Win32 = Debug|Win32
		Debug|x64 = Debug|x64
		Debug|x86 = Debug|x86
		DVD-5|ARM = DVD-5|ARM
		DVD-5|Mixed Platforms = DVD-5|Mixed Platforms
		DVD-5|Win32 = DVD-5|Win32
		DVD-5|x64 = DVD-5|x64
		DVD-5|x86 = DVD-5|x86
		Release|ARM = Release|ARM
		Release|Mixed Platforms = Release|Mixed Platforms
		Release|Win32 = Release|Win32
		Release|x64 = Release|x64
		Release|x86 = Release|x86
		SingleImage|ARM = SingleImage|ARM
		SingleImage|Mixed Platforms = SingleImage|Mixed Platforms
		SingleImage|Win32 = SingleImage|Win32
		SingleImage|x64 = SingleImage|x64
		SingleImage|x86 = SingleImage|x86
	EndGlobalSection
	GlobalSection(ProjectConfigurationPlatforms) = postSolution
		{F6857325-8FAB-49A1-987A-E045706DE551}.CD_ROM|ARM.ActiveCfg = Release|ARM
		{F6857325-8FAB-49A1-987A-E045706DE551}.CD_ROM|ARM.Build.0 = Release|ARM
		{F6857325-8FAB-49A1-987A-E045706DE551}.CD_ROM|Mixed Platforms.ActiveCfg = Release|Win32
		{F6857325-8FAB-49A1-987A-E045706DE551}.CD_ROM|Mixed Platforms.Build.0 = Release|Win32
		{F6857325-8FAB-49A1-987A-E045706DE551}.CD_ROM|Win32.ActiveCfg = Release|Win32
		{F6857325-8FAB-49A1-987A-E045706DE551}.CD_ROM|Win32.Build.0 = Release|Win32
		{F6857325-8FAB-49A1-987A-E045706DE551}.CD_ROM|x64.ActiveCfg = Release|x64
		{F6857325-8FAB-49A1-987A-E045706DE551}.CD_ROM|x64.Build.0 = Release|x64
		{F6857325-8FAB-49A1-987A-E045706DE551}.CD_ROM|x86.ActiveCfg = Release|Win32
		{F6857325-8FAB-49A1-987A-E045706DE551}.CD_ROM|x86.Build.0 = Release|Win32
		{F6857325-8FAB-49A1-987A-E045706DE551}.Debug|ARM.ActiveCfg = Debug|ARM
		{F6857325-8FAB-49A1-987A-E045706DE551}.Debug|ARM.Build.0 = Debug|ARM
		{F6857325-8FAB-49A1-987A-E045706DE551}.Debug|ARM.Deploy.0 = Debug|ARM
		{F6857325-8FAB-49A1-987A-E045706DE551}.Debug|Mixed Platforms.ActiveCfg = Debug|Win32
		{F6857325-8FAB-49A1-987A-E045706DE551}.Debug|Mixed Platforms.Build.0 = Debug|Win32
		{F6857325-8FAB-49A1-987A-E045706DE551}.Debug|Win32.ActiveCfg = Debug|Win32
		{F6857325-8FAB-49A1-987A-E045706DE551}.Debug|Win32.Build.0 = Debug|Win32
		{F6857325-8FAB-49A1-987A-E045706DE551}.Debug|x64.ActiveCfg = Debug|x64
		{F6857325-8FAB-49A1-987A-E045706DE551}.Debug|x64.Build.0 = Debug|x64
		{F6857325-8FAB-49A1-987A-E045706DE551}.Debug|x86.ActiveCfg = Debug|Win32
		{F6857325-8FAB-49A1-987A-E045706DE551}.Debug|x86.Build.0 = Debug|Win32
		{F6857325-8FAB-49A1-987A-E045706DE551}.DVD-5|ARM.ActiveCfg = Debug|ARM
		{F6857325-8FAB-49A1-987A-E045706DE551}.DVD-5|ARM.Build.0 = Debug|ARM
		{F6857325-8FAB-49A1-987A-E045706DE551}.DVD-5|Mixed Platforms.ActiveCfg = Debug|Win32
		{F6857325-8FAB-49A1-987A-E045706DE551}.DVD-5|Mixed Platforms.Build.0 = Debug|Win32
		{F6857325-8FAB-49A1-987A-E045706DE551}.DVD-5|Win32.ActiveCfg = Debug|Win32
		{F6857325-8FAB-49A1-987A-E045706DE551}.DVD-5|Win32.Build.0 = Debug|Win32
		{F6857325-8FAB-49A1-987A-E045706DE551}.DVD-5|x64.ActiveCfg = Debug|x64
		{F6857325-8FAB-49A1-987A-E045706DE551}.DVD-5|x64.Build.0 = Debug|x64
		{F6857325-8FAB-49A1-987A-E045706DE551}.DVD-5|x86.ActiveCfg = Debug|Win32
		{F6857325-8FAB-49A1-987A-E045706DE551}.DVD-5|x86.Build.0 = Debug|Win32
		{F6857325-8FAB-49A1-987A-E045706DE551}.Release|ARM.ActiveCfg = Release|ARM
		{F6857325-8FAB-49A1-987A-E045706DE551}.Release|ARM.Build.0 = Release|ARM
		{F6857325-8FAB-49A1-987A-E045706DE551}.Release|Mixed Platforms.ActiveCfg = Release|Win32
		{F6857325-8FAB-49A1-987A-E045706DE551}.Release|Mixed Platforms.Build.0 = Release|Win32
		{F6857325-8FAB-49A1-987A-E045706DE551}.Release|Win32.ActiveCfg = Release|Win32
		{F6857325-8FAB-49A1-987A-E045706DE551}.Release|Win32.Build.0 = Release|Win32
		{F6857325-8FAB-49A1-987A-E045706DE551}.Release|x64.ActiveCfg = Release|x64
		{F6857325-8FAB-49A1-987A-E045706DE551}.Release|x64.Build.0 = Release|x64
		{F6857325-8FAB-49A1-987A-E045706DE551}.Release|x86.ActiveCfg = Release|Win32
		{F6857325-8FAB-49A1-987A-E045706DE551}.Release|x86.Build.0 = Release|Win32
		{F6857325-8FAB-49A1-987A-E045706DE551}.SingleImage|ARM.ActiveCfg = Release|ARM
		{F6857325-8FAB-49A1-987A-E045706DE551}.SingleImage|ARM.Build.0 = Release|ARM
		{F6857325-8FAB-49A1-987A-E045706DE551}.SingleImage|Mixed Platforms.ActiveCfg = Release|Win32
		{F6857325-8FAB-49A1-987A-E045706DE551}.SingleImage|Mixed Platforms.Build.0 = Release|Win32
		{F6857325-8FAB-49A1-987A-E045706DE551}.SingleImage|Win32.ActiveCfg = Release|Win32
		{F6857325-8FAB-49A1-987A-E045706DE551}.SingleImage|Win32.Build.0 = Release|Win32
		{F6857325-8FAB-49A1-987A-E045706DE551}.SingleImage|x64.ActiveCfg = Release|x64
		{F6857325-8FAB-49A1-987A-E045706DE551}.SingleImage|x64.Build.0 = Release|x64
		{F6857325-8FAB-49A1-987A-E045706DE551}.SingleImage|x86.ActiveCfg = Release|Win32
		{F6857325-8FAB-49A1-987A-E045706DE551}.SingleImage|x86.Build.0 = Release|Win32
		{34D1D566-0FDC-4FFA-9AB6-6E1C4BC2C0D8}.CD_ROM|ARM.ActiveCfg = Release|x86
		{34D1D566-0FDC-4FFA-9AB6-6E1C4BC2C0D8}.CD_ROM|Mixed Platforms.ActiveCfg = Release|x86
		{34D1D566-0FDC-4FFA-9AB6-6E1C4BC2C0D8}.CD_ROM|Mixed Platforms.Build.0 = Release|x86
		{34D1D566-0FDC-4FFA-9AB6-6E1C4BC2C0D8}.CD_ROM|Win32.ActiveCfg = Release|x86
		{34D1D566-0FDC-4FFA-9AB6-6E1C4BC2C0D8}.CD_ROM|Win32.Build.0 = Release|x86
		{34D1D566-0FDC-4FFA-9AB6-6E1C4BC2C0D8}.CD_ROM|x64.ActiveCfg = Release|x64
		{34D1D566-0FDC-4FFA-9AB6-6E1C4BC2C0D8}.CD_ROM|x86.ActiveCfg = Release|x86
		{34D1D566-0FDC-4FFA-9AB6-6E1C4BC2C0D8}.CD_ROM|x86.Build.0 = Release|x86
		{34D1D566-0FDC-4FFA-9AB6-6E1C4BC2C0D8}.Debug|ARM.ActiveCfg = Debug|x86
		{34D1D566-0FDC-4FFA-9AB6-6E1C4BC2C0D8}.Debug|Mixed Platforms.ActiveCfg = Debug|x86
		{34D1D566-0FDC-4FFA-9AB6-6E1C4BC2C0D8}.Debug|Mixed Platforms.Build.0 = Debug|x86
		{34D1D566-0FDC-4FFA-9AB6-6E1C4BC2C0D8}.Debug|Win32.ActiveCfg = Debug|x86
		{34D1D566-0FDC-4FFA-9AB6-6E1C4BC2C0D8}.Debug|Win32.Build.0 = Debug|x86
		{34D1D566-0FDC-4FFA-9AB6-6E1C4BC2C0D8}.Debug|x64.ActiveCfg = Debug|x64
		{34D1D566-0FDC-4FFA-9AB6-6E1C4BC2C0D8}.Debug|x64.Build.0 = Debug|x64
		{34D1D566-0FDC-4FFA-9AB6-6E1C4BC2C0D8}.Debug|x86.ActiveCfg = Debug|x86
		{34D1D566-0FDC-4FFA-9AB6-6E1C4BC2C0D8}.Debug|x86.Build.0 = Debug|x86
		{34D1D566-0FDC-4FFA-9AB6-6E1C4BC2C0D8}.DVD-5|ARM.ActiveCfg = Debug|x86
		{34D1D566-0FDC-4FFA-9AB6-6E1C4BC2C0D8}.DVD-5|Mixed Platforms.ActiveCfg = Debug|x86
		{34D1D566-0FDC-4FFA-9AB6-6E1C4BC2C0D8}.DVD-5|Mixed Platforms.Build.0 = Debug|x86
		{34D1D566-0FDC-4FFA-9AB6-6E1C4BC2C0D8}.DVD-5|Win32.ActiveCfg = Debug|x86
		{34D1D566-0FDC-4FFA-9AB6-6E1C4BC2C0D8}.DVD-5|Win32.Build.0 = Debug|x86
		{34D1D566-0FDC-4FFA-9AB6-6E1C4BC2C0D8}.DVD-5|x64.ActiveCfg = Debug|x64
		{34D1D566-0FDC-4FFA-9AB6-6E1C4BC2C0D8}.DVD-5|x86.ActiveCfg = Debug|x86
		{34D1D566-0FDC-4FFA-9AB6-6E1C4BC2C0D8}.DVD-5|x86.Build.0 = Debug|x86
		{34D1D566-0FDC-4FFA-9AB6-6E1C4BC2C0D8}.Release|ARM.ActiveCfg = Release|x86
		{34D1D566-0FDC-4FFA-9AB6-6E1C4BC2C0D8}.Release|Mixed Platforms.ActiveCfg = Release|x86
		{34D1D566-0FDC-4FFA-9AB6-6E1C4BC2C0D8}.Release|Mixed Platforms.Build.0 = Release|x86
		{34D1D566-0FDC-4FFA-9AB6-6E1C4BC2C0D8}.Release|Win32.ActiveCfg = Release|x86
		{34D1D566-0FDC-4FFA-9AB6-6E1C4BC2C0D8}.Release|Win32.Build.0 = Release|x86
		{34D1D566-0FDC-4FFA-9AB6-6E1C4BC2C0D8}.Release|x64.ActiveCfg = Release|x64
		{34D1D566-0FDC-4FFA-9AB6-6E1C4BC2C0D8}.Release|x86.ActiveCfg = Release|x86
		{34D1D566-0FDC-4FFA-9AB6-6E1C4BC2C0D8}.Release|x86.Build.0 = Release|x86
		{34D1D566-0FDC-4FFA-9AB6-6E1C4BC2C0D8}.SingleImage|ARM.ActiveCfg = Release|x86
		{34D1D566-0FDC-4FFA-9AB6-6E1C4BC2C0D8}.SingleImage|Mixed Platforms.ActiveCfg = Release|x86
		{34D1D566-0FDC-4FFA-9AB6-6E1C4BC2C0D8}.SingleImage|Mixed Platforms.Build.0 = Release|x86
		{34D1D566-0FDC-4FFA-9AB6-6E1C4BC2C0D8}.SingleImage|Win32.ActiveCfg = Release|x86
		{34D1D566-0FDC-4FFA-9AB6-6E1C4BC2C0D8}.SingleImage|Win32.Build.0 = Release|x86
		{34D1D566-0FDC-4FFA-9AB6-6E1C4BC2C0D8}.SingleImage|x64.ActiveCfg = Release|x64
		{34D1D566-0FDC-4FFA-9AB6-6E1C4BC2C0D8}.SingleImage|x86.ActiveCfg = Release|x86
		{34D1D566-0FDC-4FFA-9AB6-6E1C4BC2C0D8}.SingleImage|x86.Build.0 = Release|x86
	EndGlobalSection
	GlobalSection(SolutionProperties) = preSolution
		HideSolutionNode = FALSE
	EndGlobalSection
EndGlobal
